{
  "name": "rest-api-oracledb-nodejs",
  "version": "1.0.0",
  "lockfileVersion": 2,
  "requires": true,
  "packages": {
    "": {
      "name": "rest-api-oracledb-nodejs",
      "version": "1.0.0",
      "license": "ISC",
      "dependencies": {
        "oracledb": "^5.5.0"
      }
    },
    "node_modules/oracledb": {
      "version": "5.5.0",
      "resolved": "https://registry.npmjs.org/oracledb/-/oracledb-5.5.0.tgz",
      "integrity": "sha512-i5cPvMENpZP8nnqptB6l0pjiOyySj1IISkbM4Hr3yZEDdANo2eezarwZb9NQ8fTh5pRjmgpZdSyIbnn9N3AENw==",
      "hasInstallScript": true,
      "engines": {
        "node": ">=10.16"
      }
    }
  },
  "dependencies": {
    "oracledb": {
      "version": "5.5.0",
      "resolved": "https://registry.npmjs.org/oracledb/-/oracledb-5.5.0.tgz",
      "integrity": "sha512-i5cPvMENpZP8nnqptB6l0pjiOyySj1IISkbM4Hr3yZEDdANo2eezarwZb9NQ8fTh5pRjmgpZdSyIbnn9N3AENw=="
    }
  }
}
